
Microsoft Visual Studio Solution File, Format Version 12.00
# Visual Studio Version 16
VisualStudioVersion = 16.0.31624.102
MinimumVisualStudioVersion = 10.0.40219.1
Project("{FAE04EC0-301F-11D3-BF4B-00C04F79EFBC}") = "TotoGUI", "TotoGUI\TotoGUI.csproj", "{EE63060C-5683-42D7-852F-DD57C5A88A94}"
EndProject
Global
	GlobalSection(SolutionConfigurationPlatforms) = preSolution
		Debug|Any CPU = Debug|Any CPU
		Release|Any CPU = Release|Any CPU
	EndGlobalSection
	GlobalSection(ProjectConfigurationPlatforms) = postSolution
		{EE63060C-5683-42D7-852F-DD57C5A88A94}.Debug|Any CPU.ActiveCfg = Debug|Any CPU
		{EE63060C-5683-42D7-852F-DD57C5A88A94}.Debug|Any CPU.Build.0 = Debug|Any CPU
		{EE63060C-5683-42D7-852F-DD57C5A88A94}.Release|Any CPU.ActiveCfg = Release|Any CPU
		{EE63060C-5683-42D7-852F-DD57C5A88A94}.Release|Any CPU.Build.0 = Release|Any CPU
	EndGlobalSection
	GlobalSection(SolutionProperties) = preSolution
		HideSolutionNode = FALSE
	EndGlobalSection
	GlobalSection(ExtensibilityGlobals) = postSolution
		SolutionGuid = {81E3470F-B03E-4E44-B53D-E9E86B73DE9D}
	EndGlobalSection
EndGlobal
